
Microsoft Visual Studio Solution File, Format Version 12.00
# Visual Studio Version 17
VisualStudioVersion = 17.7.34031.279
MinimumVisualStudioVersion = 10.0.40219.1
Project("{FAE04EC0-301F-11D3-BF4B-00C04F79EFBC}") = "ExemploDataAccessDapperContrib", "ExemploDataAccessDapperContrib\ExemploDataAccessDapperContrib.csproj", "{C790181D-A01A-4BB8-BCE2-F32DF89C0D0E}"
EndProject
Global
	GlobalSection(SolutionConfigurationPlatforms) = preSolution
		Debug|Any CPU = Debug|Any CPU
		Release|Any CPU = Release|Any CPU
	EndGlobalSection
	GlobalSection(ProjectConfigurationPlatforms) = postSolution
		{C790181D-A01A-4BB8-BCE2-F32DF89C0D0E}.Debug|Any CPU.ActiveCfg = Debug|Any CPU
		{C790181D-A01A-4BB8-BCE2-F32DF89C0D0E}.Debug|Any CPU.Build.0 = Debug|Any CPU
		{C790181D-A01A-4BB8-BCE2-F32DF89C0D0E}.Release|Any CPU.ActiveCfg = Release|Any CPU
		{C790181D-A01A-4BB8-BCE2-F32DF89C0D0E}.Release|Any CPU.Build.0 = Release|Any CPU
	EndGlobalSection
	GlobalSection(SolutionProperties) = preSolution
		HideSolutionNode = FALSE
	EndGlobalSection
	GlobalSection(ExtensibilityGlobals) = postSolution
		SolutionGuid = {54E51C84-17EB-4475-A9AA-EA6976C2CE0F}
	EndGlobalSection
EndGlobal
